{"SurveyEntry":{"SurveyID":"SV_6WsoglnHLBUA2YB","SurveyName":"Qualtrics Mousetracker (LIVE DEMO)","SurveyDescription":null,"SurveyOwnerID":"URH_1MuSsKuNN3l85qA","SurveyBrandID":"stanforduniversity","DivisionID":null,"SurveyLanguage":"EN","SurveyActiveResponseSet":"RS_aWUD9H04Fh5PYAR","SurveyStatus":"Active","SurveyStartDate":"0000-00-00 00:00:00","SurveyExpirationDate":"0000-00-00 00:00:00","SurveyCreationDate":"2018-11-03 13:32:16","CreatorID":"URH_1MuSsKuNN3l85qA","LastModified":"2018-11-21 11:41:10","LastAccessed":"0000-00-00 00:00:00","LastActivated":"2018-11-04 05:32:30","Deleted":null},"SurveyElements":[{"SurveyID":"SV_6WsoglnHLBUA2YB","Element":"BL","PrimaryAttribute":"Survey Blocks","SecondaryAttribute":null,"TertiaryAttribute":null,"Payload":{"1":{"Type":"Trash","Description":"Trash \/ Unused Questions","ID":"BL_cxansBDHuqPHs6p","BlockElements":[]},"4":{"Type":"Standard","Description":"Categorize faces","ID":"BL_7U0fOsAD9ZnPO3X","BlockElements":[{"Type":"Question","QuestionID":"QID18"},{"Type":"Question","QuestionID":"QID17"}],"Options":{"BlockLocking":false,"RandomizeQuestions":"false","Looping":"Static","LoopingOptions":{"Static":{"1":{"1":"https:\/\/stanforduniversity.ca1.qualtrics.com\/ControlPanel\/Graphic.php?IM=IM_beDH7H0K3SPr6kd"},"2":{"1":"https:\/\/stanforduniversity.ca1.qualtrics.com\/ControlPanel\/Graphic.php?IM=IM_bxqWRR1d8HoG2Ff"},"3":{"1":"https:\/\/stanforduniversity.ca1.qualtrics.com\/ControlPanel\/Graphic.php?IM=IM_b9gGrNofuXKZAxL"},"4":{"1":"https:\/\/stanforduniversity.ca1.qualtrics.com\/ControlPanel\/Graphic.php?IM=IM_d4Og98diyZV3VTn"},"5":{"1":"https:\/\/stanforduniversity.ca1.qualtrics.com\/ControlPanel\/Graphic.php?IM=IM_1BtktPFOXW6GRRr"},"6":{"1":"https:\/\/stanforduniversity.ca1.qualtrics.com\/ControlPanel\/Graphic.php?IM=IM_cVlIlNmquTHvd7n"},"7":{"1":"https:\/\/stanforduniversity.ca1.qualtrics.com\/ControlPanel\/Graphic.php?IM=IM_02mWB28lrjhWvYN"},"8":{"1":"https:\/\/stanforduniversity.ca1.qualtrics.com\/ControlPanel\/Graphic.php?IM=IM_dmU74ox97WB3rff"},"9":{"1":"https:\/\/stanforduniversity.ca1.qualtrics.com\/ControlPanel\/Graphic.php?IM=IM_0kWrWWEAXOREXAx"},"10":{"1":"https:\/\/stanforduniversity.ca1.qualtrics.com\/ControlPanel\/Graphic.php?IM=IM_8iVWlS7CjIRJfox"}},"Randomization":"All"},"BlockVisibility":"Expanded"}},"6":{"Type":"Standard","SubType":"","Description":"Instructions","ID":"BL_0qAhaSmGJNgwYnj","BlockElements":[{"Type":"Question","QuestionID":"QID21"},{"Type":"Question","QuestionID":"QID37"}],"Options":{"BlockLocking":"false","RandomizeQuestions":"false","BlockVisibility":"Expanded"}},"7":{"Type":"Standard","SubType":"","Description":"Last part","ID":"BL_737k6TUo5ATzbTv","BlockElements":[{"Type":"Question","QuestionID":"QID28"},{"Type":"Page Break"},{"Type":"Question","QuestionID":"QID24"},{"Type":"Question","QuestionID":"QID25"},{"Type":"Question","QuestionID":"QID26"},{"Type":"Page Break"},{"Type":"Question","QuestionID":"QID27"},{"Type":"Page Break"},{"Type":"Question","QuestionID":"QID34"}]},"8":{"Type":"Standard","Description":"Training","ID":"BL_3DfXby8Dsi4d3eJ","BlockElements":[{"Type":"Question","QuestionID":"QID30"},{"Type":"Question","QuestionID":"QID29"}],"Options":{"BlockLocking":false,"RandomizeQuestions":"false","Looping":"Static","LoopingOptions":{"Static":{"1":{"1":"https:\/\/stanforduniversity.ca1.qualtrics.com\/ControlPanel\/Graphic.php?IM=IM_eUKBE7fqzQI9gI5"},"2":{"1":"https:\/\/stanforduniversity.ca1.qualtrics.com\/ControlPanel\/Graphic.php?IM=IM_bNoz6TSWts7VH2l"},"3":{"1":"https:\/\/stanforduniversity.ca1.qualtrics.com\/ControlPanel\/Graphic.php?IM=IM_5sv052avV0xzvH7"},"4":{"1":"https:\/\/stanforduniversity.ca1.qualtrics.com\/ControlPanel\/Graphic.php?IM=IM_3IP7MCtIFu3BvhP"},"5":{"1":"https:\/\/stanforduniversity.ca1.qualtrics.com\/ControlPanel\/Graphic.php?IM=IM_9EL7IPJcs6wVLmt"},"6":{"1":"https:\/\/stanforduniversity.ca1.qualtrics.com\/ControlPanel\/Graphic.php?IM=IM_7TFLXjIQ9IyiDA1"}},"Randomization":"All"},"BlockVisibility":"Expanded"}}}},{"SurveyID":"SV_6WsoglnHLBUA2YB","Element":"FL","PrimaryAttribute":"Survey Flow","SecondaryAttribute":null,"TertiaryAttribute":null,"Payload":{"Type":"Root","FlowID":"FL_1","Flow":[{"Type":"WebService","FlowID":"FL_16","URL":"http:\/\/reporting.qualtrics.com\/projects\/randomNumGen.php","Method":"GET","RequestParams":[{"key":"min","value":"6020000000"},{"key":"max","value":"6029999999"}],"EditBodyParams":[],"Body":[],"ContentType":"application\/x-www-form-urlencoded","Headers":[],"ResponseMap":[{"key":"random","value":"surveyCode"}],"FireAndForget":false,"SchemaVersion":0,"StringifyValues":true},{"Type":"EmbeddedData","FlowID":"FL_17","EmbeddedData":[{"Description":"xPos","Type":"Recipient","Field":"xPos","VariableType":"String","DataVisibility":[],"AnalyzeText":false},{"Description":"yPos","Type":"Recipient","Field":"yPos","VariableType":"String","DataVisibility":[],"AnalyzeText":false},{"Description":"time","Type":"Recipient","Field":"time","VariableType":"String","DataVisibility":[],"AnalyzeText":false},{"Description":"onLoadTime","Type":"Recipient","Field":"onLoadTime","VariableType":"String","DataVisibility":[],"AnalyzeText":false},{"Description":"onReadyTime","Type":"Recipient","Field":"onReadyTime","VariableType":"String","DataVisibility":[],"AnalyzeText":false},{"Description":"buttonClickTime","Type":"Recipient","Field":"buttonClickTime","VariableType":"String","DataVisibility":[],"AnalyzeText":false},{"Description":"pageSubmitTime","Type":"Recipient","Field":"pageSubmitTime","VariableType":"String","DataVisibility":[],"AnalyzeText":false},{"Description":"windowWidth","Type":"Recipient","Field":"windowWidth","VariableType":"String","DataVisibility":[],"AnalyzeText":false},{"Description":"windowHeight","Type":"Recipient","Field":"windowHeight","VariableType":"String","DataVisibility":[],"AnalyzeText":false},{"Description":"alerts","Type":"Recipient","Field":"alerts","VariableType":"String","DataVisibility":[],"AnalyzeText":false},{"Description":"latency","Type":"Recipient","Field":"latency","VariableType":"String","DataVisibility":[],"AnalyzeText":false},{"Description":"stimulusOrder","Type":"Recipient","Field":"stimulusOrder","VariableType":"String","DataVisibility":[],"AnalyzeText":false}]},{"Type":"Standard","ID":"BL_0qAhaSmGJNgwYnj","FlowID":"FL_11"},{"Type":"Standard","ID":"BL_3DfXby8Dsi4d3eJ","FlowID":"FL_13"},{"Type":"Block","ID":"BL_7U0fOsAD9ZnPO3X","FlowID":"FL_15"},{"Type":"Standard","ID":"BL_737k6TUo5ATzbTv","FlowID":"FL_12"}],"Properties":{"Count":18,"RemovedFieldsets":[]}}},{"SurveyID":"SV_6WsoglnHLBUA2YB","Element":"SO","PrimaryAttribute":"Survey Options","SecondaryAttribute":null,"TertiaryAttribute":null,"Payload":{"BackButton":"false","SaveAndContinue":"true","SurveyProtection":"PublicSurvey","BallotBoxStuffingPrevention":"true","NoIndex":"Yes","SecureResponseFiles":"true","SurveyExpiration":null,"SurveyTermination":"DefaultMessage","Header":"","Footer":"","ProgressBarDisplay":"None","PartialData":"+4 hour","ValidationMessage":null,"PreviousButton":"  <<  ","NextButton":"NEXT","SkinLibrary":"Qualtrics","SkinType":"MQ","Skin":"v4qualtrics2","NewScoring":1,"ProtectSelectionIds":true,"libraryId":"URH_1MuSsKuNN3l85qA","nextButtonMid":"MS_6AwTaL4PIUsTSCx","previousButtonMid":"","headerMid":"","footerMid":"","QuestionsPerPage":"","PageTransition":"None","Autofocus":"false","Autoadvance":"false","AutoadvancePages":"false","ExternalCSS":null,"CustomStyles":{"errorStyles":{"selector":".Skin .ValidationError","styles":{"color":null,"backgroundColor":null,"borderColor":null}},"errorStylesBG":{"selector":".Skin .HeaderValidationError, .Skin .HeaderValidationError li a","styles":{"color":null,"backgroundColor":null}},"pageStyles":{"selector":"#SurveyEngineBody","styles":{"backgroundColor":null}},"textStyles":{"selector":".SkinInner","styles":{"fontFamily":"arial, helvetica, sans-serif","fontSize":null,"fontWeight":null,"fontStyle":null,"textDecoration":null,"color":null}},"questionStyles":{"selector":".Skin .QuestionText","styles":{"fontFamily":null,"fontSize":null,"fontWeight":null,"fontStyle":null,"textDecoration":null,"color":null}},"choiceStyles":{"selector":".Skin .horizontalbar th.ylabel, .Skin .Matrix table td, .Skin .Matrix table th, .Skin .Matrix table thead th, .Skin .Matrix table thead td, .Skin .PGR .DragAndDrop .Items label, .Skin .QuestionBody ul.ChoiceStructure, .Skin .PGR .DragAndDrop .Group ul, .Skin .PGR .DragAndDrop .Group h2, .Skin .PGR .DragAndDrop .Items ul, .Skin .PGR .DragAndDrop .Items h2, .Skin .DD .QuestionBody table.ChoiceStructure, .Skin .PGR .DragAndDrop .NoColumns td.groupsContainerTd div ul, .Skin .PGR .DragAndDrop .NoColumns td.groupsContainerTd div h2, .Skin .SBS thead th, .Skin .SBS td, .Skin .SBS .Answers td, .Skin .SBS .Answers th, .SBS table.ChoiceStructure, .Skin .horizontalbar thead table.LabelDescriptions tr td, .Skin .horizontalbar thead tr td.NotApplicable, .QuestionBody th, .Skin .QuestionBody .MC .MAVR label, .Skin .QuestionBody .MC .SAVR label, .Skin .SBS thead th, .Skin .SBS td, .Skin .RO .DND ul li, .Skin .reg, .SkinInner .ChoiceStructure, .Skin thead, .Skin .GAP .ChoiceStructure thead th, .Skin .GAP .ChoiceStructure .c4, .Skin .GAP .ChoiceStructure th, .Skin .GAP .ChoiceStructure .WhyText, .SkinInner .ChoiceStructure .LightBG, .Skin .QuestionOuter.Highlight .Inner .reg, .Skin .QuestionOuter.Highlight .Inner .alt, .Skin .QuestionOuter.Highlight .Inner .ReadableAlt       ","styles":{"fontFamily":"arial, helvetica, sans-serif","fontSize":"14pt","fontWeight":"bold","fontStyle":"normal","textDecoration":"none","color":null}},"headerStyles":{"selector":".Skin div#Header","styles":{"color":null}},"footerStyles":{"selector":".Skin #Footer","styles":{"color":null}},"questionSeparatorStyles":{"selector":".Skin .Separator","styles":{"backgroundColor":null,"display":null}},"highlightStyles":{"selector":".Skin .QuestionOuter.Highlight .Inner, .Skin .QuestionOuter.Highlight .Inner .reg, .Skin .QuestionOuter.Highlight .Inner .alt, .Skin .QuestionOuter.Highlight .Inner .ReadableAlt","styles":{"backgroundColor":null}},"highlightStylesAlt":{"selector":".Skin .QuestionOuter.Highlight .Inner .ReadableAlt, .Skin .QuestionOuter.Highlight .Inner .LightBG","styles":{"backgroundColor":null}},"textEntryStyles":{"selector":".Skin select, .Skin .InputText","styles":{"color":null}},"borderStyles":{"selector":".Skin .CS .horizontalbar table.sliderGrid tr.xlabel th, .Skin .CS .horizontalbar .ylabel, .Skin .CS .horizontalbar table.sliderGrid tr td.value, .Skin .Slider .horizontalbar table.sliderGrid tr.xlabel th, .Skin .BorderColor, .Skin .DarkBorderColor, .Skin .Slider .horizontalbar table.sliderGrid tr td.value, .Skin thead, .Skin .GAP .ChoiceStructure thead th  ","styles":{"borderColor":null}},"altRowStyles":{"selector":".Skin .ReadableAlt, .Skin .LightBG","styles":{"backgroundColor":null}},"customCSS":"\/* Place your CSS here *\/\n\n\/* Centers buttons *\/\n\t.Skin #Buttons {\n\ttext-align: center;\n\tpadding: 20px;\n\tmargin-top: 50px;\n}\n\n\n\/* Fix window size so that distance between buttons is standardized *\/\n\t.Skin .SkinInner {min-width: 1200px!important;}"},"HighlightQuestions":"off","EOSMessage":"","ShowExportTags":"false","CollectGeoLocation":"false","SurveyTitle":"Online Survey Software | Qualtrics Survey Solutions","SurveyMetaDescription":"Qualtrics sophisticated online survey software solutions make creating online surveys easy. Learn more about Research Suite and get a free account today.","PasswordProtection":"No","AnonymizeResponse":"No","Password":"","RefererCheck":"No","RefererURL":"http:\/\/","RecaptchaV3":"false","ResponseSummary":"No","EOSMessageLibrary":"","EOSRedirectURL":"https:\/\/","EmailThankYou":"false","ThankYouEmailMessageLibrary":null,"ThankYouEmailMessage":null,"ValidateMessage":"false","ValidationMessageLibrary":null,"InactiveSurvey":"DefaultMessage","PartialDataCloseAfter":"LastActivity","ActiveResponseSet":null,"InactiveMessageLibrary":"","InactiveMessage":"","AvailableLanguages":{"EN":[]},"RelevantID":"false","SurveyName":"Qualtrics Mousetracker (LIVE DEMO)"}},{"SurveyID":"SV_6WsoglnHLBUA2YB","Element":"SCO","PrimaryAttribute":"Scoring","SecondaryAttribute":null,"TertiaryAttribute":null,"Payload":{"ScoringCategories":[],"ScoringCategoryGroups":[],"ScoringSummaryCategory":null,"ScoringSummaryAfterQuestions":0,"ScoringSummaryAfterSurvey":0,"DefaultScoringCategory":null,"AutoScoringCategory":null}},{"SurveyID":"SV_6WsoglnHLBUA2YB","Element":"PROJ","PrimaryAttribute":"CORE","SecondaryAttribute":null,"TertiaryAttribute":"1.1.0","Payload":{"ProjectCategory":"CORE","SchemaVersion":"1.1.0"}},{"SurveyID":"SV_6WsoglnHLBUA2YB","Element":"STAT","PrimaryAttribute":"Survey Statistics","SecondaryAttribute":null,"TertiaryAttribute":null,"Payload":{"MobileCompatible":true,"ID":"Survey Statistics"}},{"SurveyID":"SV_6WsoglnHLBUA2YB","Element":"SQ","PrimaryAttribute":"QID17","SecondaryAttribute":" ","TertiaryAttribute":null,"Payload":{"QuestionText":"<center><img src=\"${lm:\/\/Field\/1}\" style=\"max-height:300px;min-height:300px\" \/><\/center>","DefaultChoices":false,"QuestionType":"DB","Selector":"TB","DataVisibility":{"Private":false,"Hidden":false},"Configuration":{"QuestionDescriptionOption":"UseText"},"QuestionDescription":" ","ChoiceOrder":[],"Validation":{"Settings":{"Type":"None"}},"GradingData":[],"Language":[],"QuestionText_Unsafe":"${lm:\/\/Field\/1}","DataExportTag":"image","QuestionID":"QID17","NextChoiceId":1,"NextAnswerId":1}},{"SurveyID":"SV_6WsoglnHLBUA2YB","Element":"SQ","PrimaryAttribute":"QID18","SecondaryAttribute":" ","TertiaryAttribute":null,"Payload":{"QuestionText":"&nbsp;&nbsp;","QuestionJS":"\/\/define functions specific to \"Real\" question block\n\n\t\/\/define function to issue alerts to subject (all alerts are issued after answer button is clicked because data can still be used as long as we don't interrupt question with alerts before it is answered)\n\t\/\/to avoid confusing subjects, latencyTooLong alert is only issued if there was no latencyTooShort alert (both things can happen if subject moves mouse before page loads then also waits too long to move again after page loads, but they would see both \"started too early\" and \"started too late\" which could drive them crazy.\n\t\/\/for each question, a record of issued alerts is constructed by saving numbers that correspond to every alert that was issued, to a string. If no alerts were issued, zero is saved.\n\tfunction issueAlerts()\n\t{ \/\/beginning of issueAlerts\n\t\n\t\t\/\/be sure to forget that a latencyTooShort alert might have been issued for the previous question\n\t\tlatencyTooShortAlert = false\n\t\n\t\tif ( latencyTooShort == true )\n\t\t\t{\n\t\t\talert ( \" \\n\\n                        STARTED TOO EARLY\\n\\nYou moved the cursor off the Next button before the question was fully displayed.\" )\n\t\t\talerts.push( \"1\" )\n\t\t\t\/\/remember that this alert was issued\n\t\t\tlatencyTooShortAlert = true\n\t\t\t}\n\t\t\n\t\tif ( latencyTooLong == true )\n\t\t\t{\n\t\t\t\t\/\/only give a too-long alert if there was not a too-short alert, so as not to confuse the subject\n\t\t\t\tif ( latencyTooShortAlert == false )\n\t\t\t\t\t{\n\t\t\t\t\talert (  \" \\n\\n                        STARTED TOO LATE\\n\\nYou waited a little too long to start moving the cursor.\\n\\nTo speed up your answer, try to start moving the cursor sooner, even if you are not yet fully decided about your final answer.\" )\n\t\t\t\t\t}\n\t\t\t\talerts.push( \"2\" )\n\t\t\t}\n\t\t\n\t\tif ( answerElapsedTime[imageNumber] > maxAnswerTime )\n\t\t\t{\n\t\t\tanswerTimeTooLong = true\n\t\t\talert ( \"You took longer than the \"+(maxAnswerTime\/1000)+\"-second total time limit to click an answer.\" )\n\t\t\talerts.push( \"3\" )\n\t\t\t}\n\t\t\n\t\tif ( windowTooSmall == true )\n\t\t\t{\n\t\t\talert ( \"Your browser window is too small.\\n\\nPlease make it larger.\")\n\t\t\talerts.push( \"4\" )\n\t\t\t}\n\t\t\t\n\t\t\/\/questions that got no alerts should have a zero in their alerts array\n\t\tif ( (latencyTooShort == false) && (latencyTooLong == false) && (answerTimeTooLong == false) && (windowTooSmall == false) )\n\t\t\t{alerts.push( \"0\" )}\n\t\t\t\t\n\t\t\/\/prepare the alerts array for embedded data by appending a letter \"a\" (the separator) at the end of the set of alert values saved for each image\n\t\t\t{alerts.push( \"a\" )}\n\n\t\t\t\t\n\t}\/\/end of issueAlerts\n\n\t\/\/the following function writes zeroes in an array (used to initialize arrays after practice trials are done)\n\tfunction zeroArray(arrayName)\n\t\t{var index\n\t\tfor (index = 0; index < howManyRealImages; index += 1) {arrayName[index] = 0} }\n\n\n\nQualtrics.SurveyEngine.addOnload(function()\n{\/\/begin addOnload function\n\t\n\t\/\/advance imageNumber by one\n\timageNumber += 1\n\t\n\t\/\/reset Booleans to default values at beginning of every stimulus trial\n\tcheckedStartPosition = false\n\tdidLatency = false\n\tlatencyTooLong = false\n\tlatencyTooShort = false\n\twindowTooSmall = false\n\tanswerButtonClicked = false\n\tanswerTimeTooLong = false\n\twait = false\t\/\/we don't want the getMousePosition function to miss the first mouse move\n\n\tif ( ( imageNumber == howManyPracticeImages ) && (isItPractice == true) )\n\t{ \/\/beginning of first Real question block\n\t\t\/\/this is everything that must be done just before the first Real question happens\n\t\t\n\t\t\/\/reset imageNumber to 0 so that experimental data is stored in correct positions in arrays\n\t\timageNumber = 0\n\t\tisItPractice = false\n\t\t\n\t\t\/\/because these arrays use the push method to save values, they must be emptied so that push starts adding to the array at position 0 (other variables are only recorded once-per-question and so they use imageNumber (not push) to save to the correct position.\n\t\txPos = []\n\t\tyPos = []\n\t\ttime = []\n\t\talerts = []\n\t\t\/\/But we'll reset the non-pushed arrays, anyhow, just to be safe, and write zeroes in the locations that will be filled. Because, if some error were to cause a value to not be saved for a question, if there were no value in that position the Qualtrics Embedded Variables would just have fewer values than howManyRealImages, but we would not know which question was missing data. This was needed during code development, but is reatained here as a safeguard against unanticipated missing-data errors during the experiment.\n\t\treadyTime = [];\t\t\tzeroArray(readyTime)\n\t\tloadTime = [];\t\t\tzeroArray(loadTime)\n\t\tfirstMoveTime = [];\t\tzeroArray(firstMoveTime)\n\t\tfirstMoveLatency = [];\tzeroArray(firstMoveLatency)\n\t\tanswerElapsedTime = [];\tzeroArray(answerElapsedTime)\n\t\tanswerClickTime = [];\tzeroArray(answerClickTime)\n\t\twindowHeight = [];\t\tzeroArray(windowHeight)\n\t\twindowWidth = [];\t\tzeroArray(windowWidth)\n\t\t\n\t\t\/\/must move info about Next button position from the last Practice Question into the correct array position for first Real Question\n\t\tnextButtonLeft[0] = nextButtonLeft[ (howManyPracticeImages) ]\n\t\tnextButtonRight[0] = nextButtonRight[ (howManyPracticeImages) ]\n\t\tnextButtonTop[0] = nextButtonTop[ (howManyPracticeImages) ]\n\t\tnextButtonBottom[0] = nextButtonBottom[ (howManyPracticeImages) ]\n\t}\/\/end of first Real Question block\n\t\n\t\/\/loadTime is recorded so that, by comparing it to readyTime, we can get an idea of the subjects connection speed. It would be ideal to do this first in the addOnLoad function (to get an accurate time), but the loadTime array and imageNumber haven't been prepared yet at that point\n\tloadTime[imageNumber] = ( Date.now() )\n\t\n\t\/\/save the URL of the image in the array that records their randomized Loop & Merge order\n\timageOrder[imageNumber] = \"${lm:\/\/Field\/1}\"\n\t\n\t\/\/turn on mousetracking - has to be done now instead of being triggered by first move because otherwise first move wouldn't be recorded\n\tdocument.addEventListener(\"mousemove\", getMousePosition)\n\n});\/\/end of addOnload function\n\n\n\nQualtrics.SurveyEngine.addOnReady(function()\n\/\/everything in this function is executed as soon as each question page is done loading. Although Qualtrics states that this function is \"executed when the page is fully displayed,\" this is definitely not true; it is executed before the image is displayed. Therefore, because onReadyTime is recorded before the image is displayed, subjects with slow internet connections will have firstMoveLatency and answerReactionTime significantly longer than the true values; they will receive spurious and confusing \"Started too late\" alerts. \n{\/\/begin: addOnReady function\n\n\t\/\/To prevent subjects from moving to the next page without answering the question, we disable the Next button -- the button will be enabled again after an answer button is clicked. Qualtrics' own forced-response option cannot be used because their alert shifts the Next button to a lower position on the page, which ruins the mouse start position for the subsequent question.\n    this.disableNextButton()\n\n\t\/\/now is the start time for firstMoveLatency and answerReactionTime calculation, so record it before doing anything else\n\treadyTime[imageNumber] = ( Date.now() )\n\n\t\/\/turn on eventlistener so that the firstMove function is now waiting to be triggered by the first mouse move after onReadyTime\n\tdocument.addEventListener(\"mousemove\", firstMove)\n\t\t\n\t\/\/when an answer button is clicked, record data about the time it took to answer, and issue delayed alerts to give subject feedback about any problems with their speed or mouse movement\n\tthis.questionclick = function(event,element)\n\t{\/\/begin: questionclick block\n\t\tif (element.type == 'radio')\n\t\t{\/\/begin: \"if radio button\" block\n\t\t\t\/\/turn off mousetracking as soon as answer button is clicked (this is not supported by Internet Explorer 8.0 and earlier)\n\t\t\tdocument.removeEventListener(\"mousemove\", getMousePosition)\n\t\t\t\n\t\t\t\/\/record the absolute time answer button was clicked\n\t\t\tanswerClickTime[imageNumber] = ( Date.now() )\n\t\t\t\n\t\t\t\/\/because an answer button was clicked, Next button will now be re-enabled so subject can move to the next question\n\t\t\tthis.enableNextButton()\n\t\t\t\/\/get and record Next button location (to determine valid starting location for the next question\n\t\t\tcurrentNextButtonRect = document.getElementById(\"NextButton\").getBoundingClientRect()\n\t\t\tnextButtonLeft[ (imageNumber + 1) ] = Math.round(currentNextButtonRect.left)\n\t\t\tnextButtonRight[ (imageNumber + 1) ] = Math.round(currentNextButtonRect.right)\n\t\t\tnextButtonTop[ (imageNumber + 1) ] = Math.round(currentNextButtonRect.top)\n\t\t\tnextButtonBottom[ (imageNumber + 1) ] = Math.round(currentNextButtonRect.bottom)\n\t\t\t\n\t\t\t\/\/ calculate and record the total time it took to answer following display of image\n\t\t\tanswerElapsedTime[imageNumber] = ( answerClickTime[imageNumber] - readyTime[imageNumber] )\n\t\t\t\n\t\t\t\/\/get and record window dimensions\n\t\t\twindowWidth[imageNumber] = (window.innerWidth)\n\t\t\twindowHeight[imageNumber] = (window.innerHeight)\n\t\t\t\/\/ determine if window is too small\n\t\t\tif  ( (window.innerWidth < minWindowWidth) || (window.innerHeight < minWindowHeight) ) {windowTooSmall = true}\n\t\t\t\n\t\t\t\/\/ evoke function to issue alerts to the subject, after a delay to allow answer button to change color so subject isn't confused\n\t\t\tsetTimeout ( issueAlerts, 25 )\n\n\t\t}\/\/end: \"if radio button\" block\n\t}\/\/end: questionclick block\n});\/\/ end: addOnReady function\n\n\n\nQualtrics.SurveyEngine.addOnPageSubmit(function(type)\n\/\/everything in this function is executed when Next button is clicked\n{\/\/ begin addOnPageSubmit function\n\n\tif ( (type == \"next\") && (imageNumber == (howManyRealImages - 1) ) )\n\t{\/\/beginning: if last question-submitted\n\t\t\/\/last question is being submitted, so save all the embedded data for this subject\n\t\t\t\t\n\t\t\/\/Javascript variables for this question are converted to strings with the \"a\" character inserted between values and are added to the Qualtrics embedded data arrays with the same names\n\t\tQualtrics.SurveyEngine.setEmbeddedData(\"xPos\", xPos.join(\"a\"))\n\t\tQualtrics.SurveyEngine.setEmbeddedData(\"yPos\", yPos.join(\"a\"))\n\t\tQualtrics.SurveyEngine.setEmbeddedData(\"time\", time.join(\"a\"))\n\t\tconsole.log(\"readyTime array for image #: \"+ imageNumber +\": \"+readyTime.join(\"a\")) \/\/This seems to have to be here for the following data to be saved???!!!\n\t\tQualtrics.SurveyEngine.setEmbeddedData(\"onReadyTime\", readyTime.join(\"a\"))\n\t\tQualtrics.SurveyEngine.setEmbeddedData(\"onLoadTime\", loadTime.join(\"a\"))\n\t\tQualtrics.SurveyEngine.setEmbeddedData(\"buttonClickTime\", answerClickTime.join(\"a\"))\n\t\tQualtrics.SurveyEngine.setEmbeddedData(\"windowWidth\", windowWidth.join(\"a\"))\n\t\tQualtrics.SurveyEngine.setEmbeddedData(\"windowHeight\", windowHeight.join(\"a\"))\n\t\tQualtrics.SurveyEngine.setEmbeddedData(\"latency\", firstMoveLatency.join(\"a\"))\n\t\tQualtrics.SurveyEngine.setEmbeddedData(\"answerReactionTime\", answerElapsedTime.join(\"a\"))\n\t\tQualtrics.SurveyEngine.setEmbeddedData(\"stimulusOrder\", imageOrder.join(\"|\"))\n\t\t\t\t\n\t\t\/\/ for the alerts string, we only want a single \"a\" separator between each set of alerts for each image, so don't add any more here\n\t\tQualtrics.SurveyEngine.setEmbeddedData(\"alerts\", alerts.join(\"\"))\n\n\t} \/\/ end: if Next button block\n}); \/\/end: addOnPageSubmit function","DefaultChoices":false,"QuestionType":"MC","Selector":"SAHR","SubSelector":"TX","DataVisibility":{"Private":false,"Hidden":false},"Configuration":{"QuestionDescriptionOption":"UseText","LabelPosition":"BELOW"},"QuestionDescription":" ","Choices":{"1":{"Display":"Robot"},"2":{"Display":"Human"}},"ChoiceOrder":[1,2],"Validation":{"Settings":{"ForceResponse":"OFF","ForceResponseType":"ON","Type":"None"}},"GradingData":[],"Language":[],"NextChoiceId":3,"NextAnswerId":1,"QuestionText_Unsafe":"Is this a robot or a human?&nbsp;","DataExportTag":"cat","QuestionID":"QID18"}},{"SurveyID":"SV_6WsoglnHLBUA2YB","Element":"SQ","PrimaryAttribute":"QID29","SecondaryAttribute":" ","TertiaryAttribute":null,"Payload":{"QuestionText":"<center><img src=\"${lm:\/\/Field\/1}\" style=\"max-height:300px;min-height:300px\" \/><\/center>","DefaultChoices":false,"QuestionType":"DB","Selector":"TB","DataVisibility":{"Private":false,"Hidden":false},"Configuration":{"QuestionDescriptionOption":"UseText"},"QuestionDescription":" ","ChoiceOrder":[],"Validation":{"Settings":{"Type":"None"}},"GradingData":[],"Language":[],"QuestionText_Unsafe":"<center>\n${lm:\/\/Field\/1}\n<\/center>","NextChoiceId":1,"NextAnswerId":1,"DataExportTag":"image_train","QuestionID":"QID29"}},{"SurveyID":"SV_6WsoglnHLBUA2YB","Element":"QC","PrimaryAttribute":"Survey Question Count","SecondaryAttribute":"39","TertiaryAttribute":null,"Payload":null},{"SurveyID":"SV_6WsoglnHLBUA2YB","Element":"SQ","PrimaryAttribute":"QID25","SecondaryAttribute":"Age (years):","TertiaryAttribute":null,"Payload":{"QuestionText":"Age (years):","DefaultChoices":false,"DataExportTag":"age","QuestionType":"TE","Selector":"SL","DataVisibility":{"Private":false,"Hidden":false},"Configuration":{"QuestionDescriptionOption":"UseText"},"QuestionDescription":"Age (years):","Validation":{"Settings":{"ForceResponse":"OFF","ForceResponseType":"ON","Type":"ContentType","ContentType":"ValidNumber","ValidDateType":"DateWithFormat","ValidPhoneType":"ValidUSPhone","ValidZipType":"ValidUSZip","ValidNumber":{"Min":"18","Max":"100"}}},"GradingData":[],"Language":[],"NextChoiceId":1,"NextAnswerId":1,"QuestionID":"QID25"}},{"SurveyID":"SV_6WsoglnHLBUA2YB","Element":"SQ","PrimaryAttribute":"QID37","SecondaryAttribute":"Browser Meta Info","TertiaryAttribute":null,"Payload":{"QuestionText":"Browser Meta Info","DefaultChoices":false,"DataExportTag":"browser","QuestionType":"Meta","Selector":"Browser","Configuration":{"QuestionDescriptionOption":"UseText"},"QuestionDescription":"Browser Meta Info","Choices":{"1":{"Display":"Browser","TextEntry":1},"2":{"Display":"Version","TextEntry":1},"3":{"Display":"Operating System","TextEntry":1},"4":{"Display":"Screen Resolution","TextEntry":1},"5":{"Display":"Flash Version","TextEntry":1},"6":{"Display":"Java Support","TextEntry":1},"7":{"Display":"User Agent","TextEntry":1}},"GradingData":[],"Language":[],"NextChoiceId":4,"NextAnswerId":1,"QuestionID":"QID37","DataVisibility":{"Private":false,"Hidden":false}}},{"SurveyID":"SV_6WsoglnHLBUA2YB","Element":"RS","PrimaryAttribute":"RS_aWUD9H04Fh5PYAR","SecondaryAttribute":"Default Response Set","TertiaryAttribute":null,"Payload":null},{"SurveyID":"SV_6WsoglnHLBUA2YB","Element":"SQ","PrimaryAttribute":"QID28","SecondaryAttribute":"Did you experience any confusion or technical problems in completing this task? (Your answer will...","TertiaryAttribute":null,"Payload":{"QuestionText":"Did you experience any <b>confusion or technical problems<\/b> in completing this task? (Your answer will not affect your HIT acceptance.)","DefaultChoices":false,"DataExportTag":"problems","QuestionType":"TE","Selector":"SL","Configuration":{"QuestionDescriptionOption":"UseText"},"QuestionDescription":"Did you experience any confusion or technical problems in completing this task? (Your answer will...","Validation":{"Settings":{"ForceResponse":"OFF","ForceResponseType":"ON","Type":"None"}},"GradingData":[],"Language":[],"NextChoiceId":4,"NextAnswerId":1,"QuestionID":"QID28","DataVisibility":{"Private":false,"Hidden":false}}},{"SurveyID":"SV_6WsoglnHLBUA2YB","Element":"SQ","PrimaryAttribute":"QID22","SecondaryAttribute":"Did you experience any confusion or technical problems with this questionnaire? (Your answer will...","TertiaryAttribute":null,"Payload":{"QuestionText":"Did you experience any <strong>confusion or technical problems<\/strong> with this questionnaire? (Your answer will not affect your HIT acceptance.)","DefaultChoices":false,"DataExportTag":"Q23","QuestionType":"TE","Selector":"ML","DataVisibility":{"Private":false,"Hidden":false},"Configuration":{"QuestionDescriptionOption":"UseText","InputWidth":620,"InputHeight":70},"QuestionDescription":"Did you experience any confusion or technical problems with this questionnaire? (Your answer will...","Validation":{"Settings":{"ForceResponse":"OFF","ForceResponseType":"ON","Type":"None"}},"GradingData":[],"Language":[],"NextChoiceId":1,"NextAnswerId":1,"QuestionID":"QID22"}},{"SurveyID":"SV_6WsoglnHLBUA2YB","Element":"SQ","PrimaryAttribute":"QID27","SecondaryAttribute":"Ethnicity (check all that apply):","TertiaryAttribute":null,"Payload":{"QuestionText":"Ethnicity (check all that apply):","DefaultChoices":false,"DataExportTag":"race","QuestionType":"MC","Selector":"MAVR","SubSelector":"TX","DataVisibility":{"Private":false,"Hidden":false},"Configuration":{"QuestionDescriptionOption":"UseText"},"QuestionDescription":"Ethnicity (check all that apply):","Choices":{"1":{"Display":"Caucasian"},"2":{"Display":"Black\/African American"},"3":{"Display":"Middle Eastern"},"4":{"Display":"Pacific Islander"},"5":{"Display":"South Asian"},"6":{"Display":"East Asian"},"7":{"Display":"Southeast Asian"},"8":{"Display":"Native American"},"9":{"Display":"Hispanic"}},"ChoiceOrder":["1","9","2","3","4","8","5","6","7"],"Validation":{"Settings":{"ForceResponse":"ON","ForceResponseType":"ON","Type":"None"}},"GradingData":[],"Language":[],"NextChoiceId":17,"NextAnswerId":1,"QuestionID":"QID27"}},{"SurveyID":"SV_6WsoglnHLBUA2YB","Element":"SQ","PrimaryAttribute":"QID26","SecondaryAttribute":"Highest educational level:","TertiaryAttribute":null,"Payload":{"QuestionText":"Highest educational level:","DataExportTag":"educ","QuestionType":"MC","Selector":"SAVR","SubSelector":"TX","DataVisibility":{"Private":false,"Hidden":false},"Configuration":{"QuestionDescriptionOption":"UseText"},"QuestionDescription":"Highest educational level:","Choices":{"1":{"Display":"Did not graduate high school"},"2":{"Display":"Graduated high school"},"3":{"Display":"Graduated 2-year college"},"4":{"Display":"Graduated 4-year college"},"5":{"Display":"Post-graduate degree (e.g., MS, MD, MBA, PhD, etc.)"}},"ChoiceOrder":["1","2","3","4","5"],"Validation":{"Settings":{"ForceResponse":"ON","ForceResponseType":"ON","Type":"None"}},"Language":[],"NextChoiceId":6,"NextAnswerId":1,"QuestionID":"QID26"}},{"SurveyID":"SV_6WsoglnHLBUA2YB","Element":"SQ","PrimaryAttribute":"QID30","SecondaryAttribute":"PRACTICE QUESTION","TertiaryAttribute":null,"Payload":{"QuestionText":"<div style=\"text-align: center;\"><span style=\"font-size:22px;\"><b>PRACTICE QUESTION<\/b><\/span><\/div>","QuestionJS":"\/\/Variables and functions defined in this block of code, before addOnload, are available to all blocks of questions, not just this one, and any executable code is executed for every question.\n\n\/\/initialize variables and arrays (all times are in msec)\n\/\/any variable that will be saved as embedded data (using join) must be an array\n\n\t\/\/ bookkeeping variables\n\tif (typeof imageNumber == \"undefined\")\t\t\t{var imageNumber = -1 } \/\/records the ordinal number of the current question (numbering of images starts at 0, but this variable starts at -1 so that every question, including the first one, can begin by adding 1 to the value)\n\tif (typeof howManyPracticeImages == \"undefined\")\t{var howManyPracticeImages = 6} \/\/need to know how many practice questions there are so that imageNumber can be reset to cause the real question block to store data in properly in arrays, beginning at location 0\n\tif (typeof howManyRealImages == \"undefined\")\t\t{var howManyRealImages = 10} \/\/need to know how many Real (experimental) Questions there are so that when the last image is done scroll-lock can be turned off so that exit questions can be answerted by subject. Note that if there are more Practice Questions than Real Questions, not all the Practice data will be over-written in the embedded data arrays.\n\tif (typeof interval == \"undefined\")\t\t\t\t{var interval = 5} \/\/this is the minimun time interval between recordings of cursor position by the function getMousePosition\n\tif (typeof imageOrder == \"undefined\")\t\t\t{var imageOrder = []} \/\/records the order that images are presented in the randomized Loop & Merge, by their URLs\n\n\t\/\/variables used to analyze timing of subject's actions on question page\n\tif (typeof loadTime == \"undefined\")\t\t\t\t{var loadTime = [0] }\t\t\/\/absolute time when page begins to load\n\tif (typeof readyTime == \"undefined\")\t\t\t{var readyTime = [0] } \t\t\/\/absolute time when page is fully loaded\n\tif (typeof firstMoveTime == \"undefined\")\t\t{var firstMoveTime = 0 }\t\/\/absolute time when first mouse move occurs for each image\n\tif (typeof firstMoveLatency == \"undefined\") \t{var firstMoveLatency = [0] }\/\/latency to first mouse movement after image appears (calculated value)\n\tif (typeof answerElapsedTime == \"undefined\")\t{var answerElapsedTime = [0] }\/\/the time between image laoding and clicking an answer button\n\tif (typeof answerClickTime == \"undefined\") \t\t{var answerClickTime = [0] } \/\/absolute time of click on submit (Next) button\n\t\n\t\/\/variables used to set allowed limits on subject's actions\n\tif (typeof maxAnswerTime == \"undefined\")\t\t{var maxAnswerTime = 5000 }\t\/\/maximum time allowed to click an answer button\n\tif (typeof maxLatency == \"undefined\")\t\t\t{var maxLatency = 800 }\t\t\/\/maximum latency allowed for first mouse movement\n\tif (typeof minWindowWidth == \"undefined\")\t\t{var minWindowWidth = 925}\n\tif (typeof minWindowHeight == \"undefined\")\t\t{var minWindowHeight = 675}\t\/\/window dimensions must be large enough to display all buttons wthout scrolling, and will depend on the specific layout of Qualtrics window and size of stimulus images\n\t\n\t\/\/Boolean variables used to remember if things were done or limits exceeded\n\t{var wait = false}\t\t\t\t\t\t\t\t\/\/is getMousePosition function waiting for its interval to expire? (begins as \"false\" so we don't delay capturing the first mouse move.)\n\t{var checkedStartPosition = new Boolean(false)} \/\/has mouse start position been checked yet?\n\t{var didLatency = false}\t\t\t\t\t\t\/\/have we measured latency yet for this image?\n\t{var latencyTooLong = false} \t\t\t\t\t\/\/was subject's latency to first mouse move too long?\n\t{var latencyTooShort = false} \t\t\t\t\t\/\/was subject's latency to first mouse move too short?\n\t{var windowTooSmall = new Boolean(false)} \t\t\/\/was browser window too small?\n\t{var answerButtonClicked = new Boolean(false)}\t\/\/has answer button been clicked? (used to force answer)\n\t{var answerTimeTooLong = new Boolean(false)} \t\/\/was subject's time to click an answer button too long?\n\t\/\/isItPractice enables us to distinguish between practice question #0 and real question #0 (because different things must happen)\n\tif (typeof isItPractice == \"undefined\")\t\t\t{var isItPractice = true}\n\n\t\/\/variables used to used to check for correct mouse start position for each question\n\tif (typeof currentXPosition == \"undefined\")\t\t{var currentXPosition = 0 }\n\tif (typeof currentYPosition == \"undefined\")\t\t{var currentYPosition = 0 }\n\tif (typeof currentNextButtonRect == \"undefined\"){var currentNextButtonRect = { left: 0, right: 0, top: 0, bottom: 0} }\n\tif (typeof nextButtonLeft == \"undefined\")\t\t{var nextButtonLeft = [0] }\n\tif (typeof nextButtonRight == \"undefined\")\t\t{var nextButtonRight = [0] }\n\tif (typeof nextButtonTop == \"undefined\")\t\t{var nextButtonTop = [0] }\n\tif (typeof nextButtonBottom == \"undefined\")\t\t{var nextButtonBottom = [0] }\n\n\t\/\/dimensions of viewport, used to check that browser window is adequately sized\n\tif (typeof windowHeight == \"undefined\" )\t{var windowHeight = [] }\n\tif (typeof windowWidth == \"undefined\" )\t\t{var windowWidth = [] }\n\t\n\t\/\/arrays to record values aquired more than once per question\n\t\n\t\/\/arrays to record vector of mouse X coordinates, Y coordinates and times\n\tif (typeof xPos == \"undefined\") \t{var xPos = [] }\n\tif (typeof yPos == \"undefined\")\t\t{var yPos = [] }\n\tif (typeof time == \"undefined\")\t\t{var time = [] }\n\t\/\/array to record which alerts happened\n\tif (typeof alerts == \"undefined\" )\t{var alerts = [] }\n\n\/\/define functions\n\n\t\/\/define the function that gets and records the mouse position vector as fast as the processor can do it (approx 10-20 msec in this code)\n\tfunction getMousePosition(event) \n\t{\/\/begin: getMousePosition function\n\t\tif (!wait)\n\t\t{\n\t\t\twait=true\n\t\t\t\/\/ record the time of movement\n\t\t\tvar currentTime = Date.now()\n\t\t\ttime.push(currentTime)\n\t\t\t\/\/ record mouse coordinates relative to upper left corner of browser window\n\t\t\tcurrentXPosition = Math.round( event.clientX )\n\t\t\tcurrentYPosition = Math.round( event.clientY )\n\t\t\txPos.push(currentXPosition)\n\t\t\tyPos.push(currentYPosition)\n\t\t\t\/\/wait an interval before allowing getMousePosition to run again\n\t\t\tsetTimeout(() => wait = false, interval)\n\t\t}\n\t}\/\/end: getMousePosition function\n\t\t\n\t\/\/the function that does everything that needs to be done upon the first mouse movement: calculates and records latency to first movement and checks that mouse start position is inside the Next button\n\tfunction firstMove()\n\t{\/\/begin: firstMove function\n\t\t\/\/before doing anything else, stop the eventlistener which otherwise would repeatedly invoke firstMove \n\t\tdocument.removeEventListener(\"mousemove\", firstMove)\n\t\t\n\t\t\/\/get the time of first move then calculate and record the latency\n\t\tfirstMoveTime = Date.now()\n\t\tfirstMoveLatency[imageNumber] = ( firstMoveTime - readyTime[imageNumber] )\n\t\t\t\n\t\t\/\/if subject didn't start moving mouse fast enough, remember it, but to avoid interrupting the timing of the answer, we will wait to give an alert until after an answer button is chosen.\n\t\tif ( firstMoveLatency[imageNumber] > maxLatency ) {latencyTooLong = true}\n\t\t\n\t\t\/\/determine if the mouse started outside of the valid starting position (Next button location) before image was fully displayed \n\t\t\/\/compare mouse position to location of Next button on the previous question page\n\t\t\/\/if something displaces the Next button on previous question page (like a Qualtrics-generated alert), this will falsely indicate an error in mouse start position. This is why the Qualtrics Force Response option is not used.\n\t\tif\t(\t(currentXPosition  <  ( nextButtonLeft[imageNumber] - 40) ) ||\n\t\t\t\t(currentXPosition  >  ( nextButtonRight[imageNumber] + 40) ) ||\n\t\t\t\t(currentYPosition  >  ( nextButtonBottom[imageNumber] + 16) ) ||\n\t\t\t\t(currentYPosition  <  ( nextButtonTop[imageNumber] - 16) )\n\t\t\t)\n\t\t\t\/\/remember that latency was too short, but to avoid interrupting the trial, we will wait to give an alert until after an answer button is chosen.\n\t\t\t{latencyTooShort = true}\n\t} \/\/end: firstMove function\n\t\t\n\n\t\/\/define function to issue alerts to subject (all alerts are issued after answer button is clicked because data can still be used if we don't interrupt question\n\tfunction issueAlertsPractice()\n\t{\/\/begin: issueAlertsPractice function\n\t\t\tif ( latencyTooShort == true )\n\t\t\t\t{\n\t\t\t\talert (  \" \\n\\n                        STARTED TOO EARLY\\n\\nYou moved the cursor off the Next button before the question was fully displayed.\" )\n\t\t\t\t}\n\t\t\telse\n\t\t\t\t{\n\t\t\t\tif ( latencyTooLong == true )\n\t\t\t\t\t{\n\t\t\t\t\talert (  \" \\n\\n                        STARTED TOO LATE\\n\\nYou waited more than 1\/2 second to start moving the cursor.\\n\\nTo speed up your answer, try to start moving the cursor sooner, even if you are not yet fully decided about your final answer.\" )\n\t\t\t\t\t}\n\t\t\t\t}\n\t\t\n\t\t\tif ( answerElapsedTime[imageNumber] > maxAnswerTime )\n\t\t\t\t{\n\t\t\t\talert ( \"You took longer than the \"+(maxAnswerTime\/1000)+\"-second total time limit to click an answer button.\" )\n\t\t\t\t}\n\t\t\t\n\t\t\tif (windowTooSmall == true)\n\t\t\t\t{\n\t\t\t\talert ( \"Your browser window is too small.\\n\\nPlease make it larger.\")\n\t\t\t\t}\n\t} \/\/end: issueAlertsPractice function\n\n\/\/this function is used to prevent window scrolling (turned on at first practice question, turned off at end of real questions)\n\tfunction stopScroll() { window.scrollTo(0, 0) }\n\n\n\n\nQualtrics.SurveyEngine.addOnload(function()\n{\/\/begin: addOnload function\n\n\t\/\/there is no need to reset the array variables (as in Real Question block) because practice data are not being saved\n\t\/\/reset Booleans to default values\n\tcheckedStartPosition = false\n\tdidLatency = false\n\tlatencyTooLong = false\n\tlatencyTooShort = false\n\twindowTooSmall = false\n\tanswerButtonClicked = false\n\tanswerTimeTooLong = false\n\n\t\/\/advance imageNumber by one\n\timageNumber += 1\n\t\n\t\/\/turn off scrolling\n\tif (imageNumber == 0) { document.addEventListener(\"scroll\", stopScroll) }\n\t\n\t\/\/turn on mousetracking - has to be done now instead of being triggered by first move because otherwise first move wouldn't be recorded\n\tdocument.addEventListener(\"mousemove\", getMousePosition)\n\t\n}); \/\/end: addOnload function\n\n\n\n\nQualtrics.SurveyEngine.addOnReady(function()\n\/\/everything in this function is executed as soon as each question page is done loading. Although Qualtrics states that this function is \"executed when the page is fully displayed,\" this is definitely not true; it is executed before the image is displayed. Therefore, because onReadyTime is recorded before the image is displayed, subjects with slow internet connections will have firstMoveLatency and answerReactionTime significantly longer than the true values; they will receive spurious and confusing \"Started too late\" alerts. \n{ \/\/begin: addOnReady function\n\n\t\/\/To prevent subjects from moving to the next page without answering the question, we disable the Next button -- the button will be enabled again after an answer button is clicked. Qualtrics' own forced-response option cannot be used because their alert shifts the Next button to a lower position on the page, which ruins the mouse start position for the subsequent question.\n    this.disableNextButton()\n\t\n\t\/\/now is the start time for firstMoveLatency and answerReactionTime calculation, so record it before doing anything else\n\treadyTime[imageNumber] = ( Date.now() )\n\n\t\/\/this function asks subject to check the size of their browser window\n\tfunction checkWindowAlertPractice()\n\t\t{ alert (\"Before you answer this question, please check that you can see two answer buttons at the top of the window and a NEXT button at the bottom of the window. If necessary, make your browser window larger now\\n\\n\\n\\nIf your device screen is too small to do this, you will not be able to complete this survey.\") }\n\t\t\/\/invoke this alert function only on first question. (Must be delayed to allow image to be displayed first.)\n\t \tif ( imageNumber == 0 ) { setTimeout ( checkWindowAlertPractice, 500 ) }\n\t\n\t\/\/turn on eventlistener so that the firstMove function is now waiting to be triggered by the first mouse move after onReadyTime\n\t\tdocument.addEventListener(\"mousemove\", firstMove)\n\t\t\n\t\/\/when an answer button is clicked, record data about the time it took to answer, and issue delayed alerts to give subject feedback about any problems with their speed or mouse movement\n\tthis.questionclick = function(event,element)\n\t{\/\/begin: questionclick block\n\t\tif (element.type == 'radio')\n\t\t{\/\/begin: if radio button block\n\t\t\t\/\/turn off mousetracking as soon as answer button is clicked\n\t\t\tdocument.removeEventListener(\"mousemove\", getMousePosition)\n\t\t\t\n\t\t\t\/\/record the absolute time answer button was clicked\n\t\t\tanswerClickTime[imageNumber] = ( Date.now() )\n\t\t\t\n\t\t\t\/\/because an answer button was clicked, Next button will now be re-enabled so subject can move to the next question\n\t\t\tthis.enableNextButton()\n\t\t\t\/\/get and record Next button location (to determine valid starting location for the next question\n\t\t\tcurrentNextButtonRect = document.getElementById(\"NextButton\").getBoundingClientRect()\n\t\t\tnextButtonLeft[ (imageNumber + 1) ] = Math.round(currentNextButtonRect.left)\n\t\t\tnextButtonRight[ (imageNumber + 1) ] = Math.round(currentNextButtonRect.right)\n\t\t\tnextButtonTop[ (imageNumber + 1) ] = Math.round(currentNextButtonRect.top)\n\t\t\tnextButtonBottom[ (imageNumber + 1) ] = Math.round(currentNextButtonRect.bottom)\n\t\t\t\n\t\t\t\/\/calculate and record the total time it took to answer following page load\n\t\t\tanswerElapsedTime[imageNumber] = ( answerClickTime[imageNumber] - readyTime[imageNumber] )\n\t\t\t\n\t\t\t\/\/check window size, just in case subject re-sized window\n\t\t\tif  ( (window.innerWidth < minWindowWidth) || (window.innerHeight < minWindowHeight) ) {windowTooSmall = true}\n\t\t\t\n\t\t\t\/\/evoke function to issue alerts to the subject, after a delay to allow answer button to change color so subject isn't confused\n\t\t\t\/\/but don't issue alerts on first image because cursor starts in wrong place on first question, and subject takes extra time to read windowSizeCheck alert and maybe resize a too-small window\n\t\t\tif ( imageNumber > 0 ) { setTimeout ( issueAlertsPractice, 25 ) }\n\n\t\t}\/\/end: \"if radio button\" block\n\t}\/\/end: questionclick block\n});\/\/end: addOnReady","DefaultChoices":false,"QuestionType":"MC","Selector":"SAHR","SubSelector":"TX","DataVisibility":{"Private":false,"Hidden":false},"Configuration":{"QuestionDescriptionOption":"UseText","LabelPosition":"BELOW"},"QuestionDescription":"PRACTICE QUESTION","Choices":{"1":{"Display":"Robot"},"2":{"Display":"Human"}},"ChoiceOrder":[1,2],"Validation":{"Settings":{"ForceResponse":"OFF","ForceResponseType":"ON","Type":"None"}},"GradingData":[],"Language":[],"NextChoiceId":3,"NextAnswerId":1,"QuestionText_Unsafe":"&nbsp;&nbsp;","DataExportTag":"cat_train","QuestionID":"QID30"}},{"SurveyID":"SV_6WsoglnHLBUA2YB","Element":"SQ","PrimaryAttribute":"QID24","SecondaryAttribute":"Sex:","TertiaryAttribute":null,"Payload":{"QuestionText":"Sex:","DataExportTag":"sex","QuestionType":"MC","Selector":"SAVR","SubSelector":"TX","DataVisibility":{"Private":false,"Hidden":false},"Configuration":{"QuestionDescriptionOption":"UseText"},"QuestionDescription":"Sex:","Choices":{"1":{"Display":"Female"},"2":{"Display":"Male"}},"ChoiceOrder":["1","2"],"Validation":{"Settings":{"ForceResponse":"ON","ForceResponseType":"ON","Type":"None"}},"Language":[],"NextChoiceId":3,"NextAnswerId":1,"QuestionID":"QID24"}},{"SurveyID":"SV_6WsoglnHLBUA2YB","Element":"SQ","PrimaryAttribute":"QID34","SecondaryAttribute":"Thanks for completing this HIT.\u00a0 Here is your confirmation code for MTurk. Please press \"Next\" on..","TertiaryAttribute":null,"Payload":{"QuestionText":"<div><br><\/div><div>Thanks for completing this HIT.&nbsp;<\/div><div><br><\/div>Here is your confirmation code for MTurk. Please press \"Next\" one more time.&nbsp;<div><br><\/div><div>${e:\/\/Field\/surveyCode}<\/div>","DefaultChoices":false,"DataExportTag":"Q33","QuestionID":"QID34","QuestionType":"DB","Selector":"TB","DataVisibility":{"Private":false,"Hidden":false},"Configuration":{"QuestionDescriptionOption":"UseText"},"QuestionDescription":"Thanks for completing this HIT.\u00a0 Here is your confirmation code for MTurk. Please press \"Next\" on...","ChoiceOrder":[],"Validation":{"Settings":{"Type":"None"}},"GradingData":[],"Language":[],"NextChoiceId":7,"NextAnswerId":1}},{"SurveyID":"SV_6WsoglnHLBUA2YB","Element":"SQ","PrimaryAttribute":"QID21","SecondaryAttribute":"You will be shown a series of faces, one at a time, and you should\u00a0decide whether each is a robot..","TertiaryAttribute":null,"Payload":{"QuestionText":"<div>\n<p><span style=\"font-family: arial, helvetica, sans-serif;\">You will be shown a series of faces, one at a time, and you should&nbsp;<span style=\"font-weight: 700;\">decide whether each is a robot or a human<\/span><span style=\"font-weight: 700;\">&nbsp;<\/span>by clicking one of the two answer buttons at the top of the window. We are recording the speed and accuracy of your answers, so please&nbsp;<span style=\"font-weight: 700;\">answer as quickly and accurately as possible<\/span>&nbsp;even though some faces may be hard to categorize. To speed up your answer, you should&nbsp;<span style=\"font-weight: 700;\">begin moving the cursor very soon<\/span>&nbsp;after the face is displayed (within 1\/2 second), even if you have not yet fully decided which answer you will choose. However, it is important that you do not begin moving the cursor until the face appears on the screen -- the cursor must begin the next question positioned over the Next button, so after clicking \u201cNext\u201d, do not move the mouse while you\u2019re waiting for the next face to be displayed.<\/span><\/p><p>&nbsp;<\/p><p><span style=\"font-family: arial, helvetica, sans-serif;\">We understand it can be tricky for you to move the cursor quickly, but not too quickly, on every single question, and we will issue alerts to let you know when the timing isn\u2019t correct. Please don\u2019t be stressed by these alerts; they are just meant to help you improve your timing.<\/span><\/p><p>&nbsp;<\/p><p><span style=\"font-family: arial, helvetica, sans-serif;\">After you click the \u201cNext\u201d button on this page,&nbsp;you will begin a series of 6 practice faces (labeled \"Practice\") to familiarize yourself with the task.&nbsp;Then you will go directly into the actual task.<\/span><\/p><p>&nbsp;<\/p><p><span style=\"font-family: arial, helvetica, sans-serif;\"><span style=\"font-size: 11.5pt;\"><o:p><\/o:p><\/span><\/span><\/p><p><span style=\"font-family: arial, helvetica, sans-serif;\">This entire task&nbsp;<span style=\"font-weight: 700;\">needs to be done in a single sitting<\/span>, which should take about 3 minutes. Also, you&nbsp;<span style=\"font-weight: 700;\">must&nbsp;not&nbsp;use a touchscreen device<\/span>&nbsp;to complete this task (a physical mouse or trackpad, as on a laptop, is fine).&nbsp;<span style=\"font-size: 11.5pt;\"><o:p><\/o:p><\/span><\/span><\/p><p>&nbsp;<\/p><\/div>\n\n<p>&nbsp;<\/p>\n\n<p><span style=\"font-family:arial,helvetica,sans-serif;\"><span style=\"color: rgb(34, 34, 34);\"><o:p>&nbsp;<\/o:p><\/span><\/span><\/p>\n\n<p>&nbsp;<\/p>\n\n<p>&nbsp;<\/p>","DefaultChoices":false,"DataExportTag":"instruct","QuestionType":"DB","Selector":"TB","Configuration":{"QuestionDescriptionOption":"UseText"},"QuestionDescription":"You will be shown a series of faces, one at a time, and you should\u00a0decide whether each is a robot...","ChoiceOrder":[],"Validation":{"Settings":{"Type":"None"}},"GradingData":[],"Language":[],"NextChoiceId":4,"NextAnswerId":1,"QuestionID":"QID21","DataVisibility":{"Private":false,"Hidden":false}}}]}